
Microsoft Visual Studio Solution File, Format Version 12.00
# Visual Studio 2012
Project("{FAE04EC0-301F-11D3-BF4B-00C04F79EFBC}") = "Digital Control Loop Designer", "Digital Control Loop Designer.csproj", "{F3B5B542-42BF-4883-8BD2-92276F200EF0}"
EndProject
Project("{840C416C-B8F3-42BC-B0DD-F6BB14C9F8CB}") = "DCLD_Installer", "..\Installer\DCLD_Installer\DCLD_Installer.aiproj", "{C8730752-631A-4085-97A8-97AE359C997A}"
EndProject
Global
	GlobalSection(SolutionConfigurationPlatforms) = preSolution
		All|Any CPU = All|Any CPU
		All|x86 = All|x86
		Debug|Any CPU = Debug|Any CPU
		Debug|x86 = Debug|x86
		Release|Any CPU = Release|Any CPU
		Release|x86 = Release|x86
	EndGlobalSection
	GlobalSection(ProjectConfigurationPlatforms) = postSolution
		{F3B5B542-42BF-4883-8BD2-92276F200EF0}.All|Any CPU.ActiveCfg = Release|Any CPU
		{F3B5B542-42BF-4883-8BD2-92276F200EF0}.All|Any CPU.Build.0 = Release|Any CPU
		{F3B5B542-42BF-4883-8BD2-92276F200EF0}.All|x86.ActiveCfg = Release|x86
		{F3B5B542-42BF-4883-8BD2-92276F200EF0}.All|x86.Build.0 = Release|x86
		{F3B5B542-42BF-4883-8BD2-92276F200EF0}.Debug|Any CPU.ActiveCfg = Debug|Any CPU
		{F3B5B542-42BF-4883-8BD2-92276F200EF0}.Debug|Any CPU.Build.0 = Debug|Any CPU
		{F3B5B542-42BF-4883-8BD2-92276F200EF0}.Debug|x86.ActiveCfg = Debug|x86
		{F3B5B542-42BF-4883-8BD2-92276F200EF0}.Debug|x86.Build.0 = Debug|x86
		{F3B5B542-42BF-4883-8BD2-92276F200EF0}.Release|Any CPU.ActiveCfg = Release|Any CPU
		{F3B5B542-42BF-4883-8BD2-92276F200EF0}.Release|Any CPU.Build.0 = Release|Any CPU
		{F3B5B542-42BF-4883-8BD2-92276F200EF0}.Release|x86.ActiveCfg = Release|x86
		{F3B5B542-42BF-4883-8BD2-92276F200EF0}.Release|x86.Build.0 = Release|x86
		{C8730752-631A-4085-97A8-97AE359C997A}.All|Any CPU.ActiveCfg = DefaultBuild
		{C8730752-631A-4085-97A8-97AE359C997A}.All|Any CPU.Build.0 = DefaultBuild
		{C8730752-631A-4085-97A8-97AE359C997A}.All|x86.ActiveCfg = DefaultBuild
		{C8730752-631A-4085-97A8-97AE359C997A}.All|x86.Build.0 = DefaultBuild
		{C8730752-631A-4085-97A8-97AE359C997A}.Debug|Any CPU.ActiveCfg = DefaultBuild
		{C8730752-631A-4085-97A8-97AE359C997A}.Debug|Any CPU.Build.0 = DefaultBuild
		{C8730752-631A-4085-97A8-97AE359C997A}.Debug|x86.ActiveCfg = DefaultBuild
		{C8730752-631A-4085-97A8-97AE359C997A}.Debug|x86.Build.0 = DefaultBuild
		{C8730752-631A-4085-97A8-97AE359C997A}.Release|Any CPU.ActiveCfg = DefaultBuild
		{C8730752-631A-4085-97A8-97AE359C997A}.Release|Any CPU.Build.0 = DefaultBuild
		{C8730752-631A-4085-97A8-97AE359C997A}.Release|x86.ActiveCfg = DefaultBuild
		{C8730752-631A-4085-97A8-97AE359C997A}.Release|x86.Build.0 = DefaultBuild
	EndGlobalSection
	GlobalSection(SolutionProperties) = preSolution
		HideSolutionNode = FALSE
	EndGlobalSection
	GlobalSection(Performance) = preSolution
		HasPerformanceSessions = true
	EndGlobalSection
EndGlobal
